
Microsoft Visual Studio Solution File, Format Version 12.00
# Visual Studio Version 17
VisualStudioVersion = 17.5.33424.131
MinimumVisualStudioVersion = 10.0.40219.1
Project("{9A19103F-16F7-4668-BE54-9A1E7A4F7556}") = "MagicVilla_VillaAPI", "MagicVilla_VillaAPI\MagicVilla_VillaAPI.csproj", "{A00BCE1E-371D-43F6-875B-18832D470EAC}"
EndProject
Project("{FAE04EC0-301F-11D3-BF4B-00C04F79EFBC}") = "MagicVilla_Web", "MagicVilla_Web\MagicVilla_Web.csproj", "{2407D9D3-5221-47F8-90C2-EAA62D71CA15}"
EndProject
Project("{FAE04EC0-301F-11D3-BF4B-00C04F79EFBC}") = "MagicVilla_Model", "MagicVilla_Model\MagicVilla_Model.csproj", "{BD8536B2-DD8D-49D5-92B9-94D899EE353F}"
EndProject
Project("{FAE04EC0-301F-11D3-BF4B-00C04F79EFBC}") = "MagicVilla_Dto", "MagicVilla_Dto\MagicVilla_Dto.csproj", "{253FC023-EE99-4B29-AD55-BFE194685A59}"
EndProject
Project("{FAE04EC0-301F-11D3-BF4B-00C04F79EFBC}") = "MagicVilla.Utility", "MagicVilla.Utility\MagicVilla.Utility.csproj", "{4538FE7B-A30A-42CE-BBC7-0D93ECE458FD}"
EndProject
Global
	GlobalSection(SolutionConfigurationPlatforms) = preSolution
		Debug|Any CPU = Debug|Any CPU
		Release|Any CPU = Release|Any CPU
	EndGlobalSection
	GlobalSection(ProjectConfigurationPlatforms) = postSolution
		{A00BCE1E-371D-43F6-875B-18832D470EAC}.Debug|Any CPU.ActiveCfg = Debug|Any CPU
		{A00BCE1E-371D-43F6-875B-18832D470EAC}.Debug|Any CPU.Build.0 = Debug|Any CPU
		{A00BCE1E-371D-43F6-875B-18832D470EAC}.Release|Any CPU.ActiveCfg = Release|Any CPU
		{A00BCE1E-371D-43F6-875B-18832D470EAC}.Release|Any CPU.Build.0 = Release|Any CPU
		{2407D9D3-5221-47F8-90C2-EAA62D71CA15}.Debug|Any CPU.ActiveCfg = Debug|Any CPU
		{2407D9D3-5221-47F8-90C2-EAA62D71CA15}.Debug|Any CPU.Build.0 = Debug|Any CPU
		{2407D9D3-5221-47F8-90C2-EAA62D71CA15}.Release|Any CPU.ActiveCfg = Release|Any CPU
		{2407D9D3-5221-47F8-90C2-EAA62D71CA15}.Release|Any CPU.Build.0 = Release|Any CPU
		{BD8536B2-DD8D-49D5-92B9-94D899EE353F}.Debug|Any CPU.ActiveCfg = Debug|Any CPU
		{BD8536B2-DD8D-49D5-92B9-94D899EE353F}.Debug|Any CPU.Build.0 = Debug|Any CPU
		{BD8536B2-DD8D-49D5-92B9-94D899EE353F}.Release|Any CPU.ActiveCfg = Release|Any CPU
		{BD8536B2-DD8D-49D5-92B9-94D899EE353F}.Release|Any CPU.Build.0 = Release|Any CPU
		{253FC023-EE99-4B29-AD55-BFE194685A59}.Debug|Any CPU.ActiveCfg = Debug|Any CPU
		{253FC023-EE99-4B29-AD55-BFE194685A59}.Debug|Any CPU.Build.0 = Debug|Any CPU
		{253FC023-EE99-4B29-AD55-BFE194685A59}.Release|Any CPU.ActiveCfg = Release|Any CPU
		{253FC023-EE99-4B29-AD55-BFE194685A59}.Release|Any CPU.Build.0 = Release|Any CPU
		{4538FE7B-A30A-42CE-BBC7-0D93ECE458FD}.Debug|Any CPU.ActiveCfg = Debug|Any CPU
		{4538FE7B-A30A-42CE-BBC7-0D93ECE458FD}.Debug|Any CPU.Build.0 = Debug|Any CPU
		{4538FE7B-A30A-42CE-BBC7-0D93ECE458FD}.Release|Any CPU.ActiveCfg = Release|Any CPU
		{4538FE7B-A30A-42CE-BBC7-0D93ECE458FD}.Release|Any CPU.Build.0 = Release|Any CPU
	EndGlobalSection
	GlobalSection(SolutionProperties) = preSolution
		HideSolutionNode = FALSE
	EndGlobalSection
	GlobalSection(ExtensibilityGlobals) = postSolution
		SolutionGuid = {D8FF115F-3CD8-47AE-8C45-5F66CE28D59D}
	EndGlobalSection
EndGlobal
