
Microsoft Visual Studio Solution File, Format Version 12.00
# Visual Studio Version 17
VisualStudioVersion = 17.5.33424.131
MinimumVisualStudioVersion = 10.0.40219.1
Project("{9A19103F-16F7-4668-BE54-9A1E7A4F7556}") = "MagicVilla_VillaAPI", "MagicVilla_VillaAPI\MagicVilla_VillaAPI.csproj", "{A00BCE1E-371D-43F6-875B-18832D470EAC}"
EndProject
Project("{9A19103F-16F7-4668-BE54-9A1E7A4F7556}") = "MagicVilla_Web", "MagicVilla_Web\MagicVilla_Web.csproj", "{2407D9D3-5221-47F8-90C2-EAA62D71CA15}"
EndProject
Project("{9A19103F-16F7-4668-BE54-9A1E7A4F7556}") = "MagicVilla_Entity", "MagicVilla_Model\MagicVilla_Entity.csproj", "{BD8536B2-DD8D-49D5-92B9-94D899EE353F}"
EndProject
Project("{2150E333-8FDC-42A3-9474-1A3956D46DE8}") = "APIs", "APIs", "{987BFE05-CC70-4AC1-9565-2F176812B613}"
EndProject
Project("{2150E333-8FDC-42A3-9474-1A3956D46DE8}") = "Web", "Web", "{C3AAC81D-537C-4CDF-8C78-0668710C6B51}"
EndProject
Project("{2150E333-8FDC-42A3-9474-1A3956D46DE8}") = "Domain", "Domain", "{E61F2F4E-B5E9-429E-862C-37CA56912771}"
EndProject
Project("{2150E333-8FDC-42A3-9474-1A3956D46DE8}") = "Repository", "Repository", "{1FAC2E4C-FAB6-4798-89DF-A9C3B510CBB9}"
EndProject
Project("{2150E333-8FDC-42A3-9474-1A3956D46DE8}") = "DTO", "DTO", "{F248E3CD-8F7C-4EC5-9A6A-DD94C4AA7188}"
EndProject
Project("{2150E333-8FDC-42A3-9474-1A3956D46DE8}") = "Entity", "Entity", "{F43BC107-1C6D-452A-B59B-0E43139AFFC6}"
EndProject
Project("{2150E333-8FDC-42A3-9474-1A3956D46DE8}") = "Utility", "Utility", "{69977358-E97E-44CF-910D-D27FF36F8E78}"
EndProject
Project("{9A19103F-16F7-4668-BE54-9A1E7A4F7556}") = "MagicVilla_DataRepository", "MagicVilla_DataRepository\MagicVilla_DataRepository.csproj", "{872DCD4F-6336-4981-8D46-216584446316}"
EndProject
Project("{9A19103F-16F7-4668-BE54-9A1E7A4F7556}") = "MagicVilla_Dtos", "MagicVilla_Dtos\MagicVilla_Dtos.csproj", "{4C627B81-DD77-47DE-A799-AC1D48466BAA}"
EndProject
Project("{9A19103F-16F7-4668-BE54-9A1E7A4F7556}") = "MagicVilla_Utility", "MagicVilla_Utility\MagicVilla_Utility.csproj", "{1821DCA6-420E-4DE3-8B7B-C249BB69A180}"
EndProject
Project("{2150E333-8FDC-42A3-9474-1A3956D46DE8}") = "Service", "Service", "{657B3687-AD85-47F7-8791-7AD13096ED85}"
EndProject
Project("{9A19103F-16F7-4668-BE54-9A1E7A4F7556}") = "MagicVilla_Service", "MagicVilla_Service\MagicVilla_Service.csproj", "{0D050EAE-2132-4585-9020-D110A3D6135A}"
EndProject
Project("{2150E333-8FDC-42A3-9474-1A3956D46DE8}") = "Solution Items", "Solution Items", "{AEB89CBB-63DF-45ED-9428-F2BACCF42394}"
	ProjectSection(SolutionItems) = preProject
		.editorconfig = .editorconfig
	EndProjectSection
EndProject
Global
	GlobalSection(SolutionConfigurationPlatforms) = preSolution
		Debug|Any CPU = Debug|Any CPU
		Release|Any CPU = Release|Any CPU
	EndGlobalSection
	GlobalSection(ProjectConfigurationPlatforms) = postSolution
		{A00BCE1E-371D-43F6-875B-18832D470EAC}.Debug|Any CPU.ActiveCfg = Debug|Any CPU
		{A00BCE1E-371D-43F6-875B-18832D470EAC}.Debug|Any CPU.Build.0 = Debug|Any CPU
		{A00BCE1E-371D-43F6-875B-18832D470EAC}.Release|Any CPU.ActiveCfg = Release|Any CPU
		{A00BCE1E-371D-43F6-875B-18832D470EAC}.Release|Any CPU.Build.0 = Release|Any CPU
		{2407D9D3-5221-47F8-90C2-EAA62D71CA15}.Debug|Any CPU.ActiveCfg = Debug|Any CPU
		{2407D9D3-5221-47F8-90C2-EAA62D71CA15}.Debug|Any CPU.Build.0 = Debug|Any CPU
		{2407D9D3-5221-47F8-90C2-EAA62D71CA15}.Release|Any CPU.ActiveCfg = Release|Any CPU
		{2407D9D3-5221-47F8-90C2-EAA62D71CA15}.Release|Any CPU.Build.0 = Release|Any CPU
		{BD8536B2-DD8D-49D5-92B9-94D899EE353F}.Debug|Any CPU.ActiveCfg = Debug|Any CPU
		{BD8536B2-DD8D-49D5-92B9-94D899EE353F}.Debug|Any CPU.Build.0 = Debug|Any CPU
		{BD8536B2-DD8D-49D5-92B9-94D899EE353F}.Release|Any CPU.ActiveCfg = Release|Any CPU
		{BD8536B2-DD8D-49D5-92B9-94D899EE353F}.Release|Any CPU.Build.0 = Release|Any CPU
		{872DCD4F-6336-4981-8D46-216584446316}.Debug|Any CPU.ActiveCfg = Debug|Any CPU
		{872DCD4F-6336-4981-8D46-216584446316}.Debug|Any CPU.Build.0 = Debug|Any CPU
		{872DCD4F-6336-4981-8D46-216584446316}.Release|Any CPU.ActiveCfg = Release|Any CPU
		{872DCD4F-6336-4981-8D46-216584446316}.Release|Any CPU.Build.0 = Release|Any CPU
		{4C627B81-DD77-47DE-A799-AC1D48466BAA}.Debug|Any CPU.ActiveCfg = Debug|Any CPU
		{4C627B81-DD77-47DE-A799-AC1D48466BAA}.Debug|Any CPU.Build.0 = Debug|Any CPU
		{4C627B81-DD77-47DE-A799-AC1D48466BAA}.Release|Any CPU.ActiveCfg = Release|Any CPU
		{4C627B81-DD77-47DE-A799-AC1D48466BAA}.Release|Any CPU.Build.0 = Release|Any CPU
		{1821DCA6-420E-4DE3-8B7B-C249BB69A180}.Debug|Any CPU.ActiveCfg = Debug|Any CPU
		{1821DCA6-420E-4DE3-8B7B-C249BB69A180}.Debug|Any CPU.Build.0 = Debug|Any CPU
		{1821DCA6-420E-4DE3-8B7B-C249BB69A180}.Release|Any CPU.ActiveCfg = Release|Any CPU
		{1821DCA6-420E-4DE3-8B7B-C249BB69A180}.Release|Any CPU.Build.0 = Release|Any CPU
		{0D050EAE-2132-4585-9020-D110A3D6135A}.Debug|Any CPU.ActiveCfg = Debug|Any CPU
		{0D050EAE-2132-4585-9020-D110A3D6135A}.Debug|Any CPU.Build.0 = Debug|Any CPU
		{0D050EAE-2132-4585-9020-D110A3D6135A}.Release|Any CPU.ActiveCfg = Release|Any CPU
		{0D050EAE-2132-4585-9020-D110A3D6135A}.Release|Any CPU.Build.0 = Release|Any CPU
	EndGlobalSection
	GlobalSection(SolutionProperties) = preSolution
		HideSolutionNode = FALSE
	EndGlobalSection
	GlobalSection(NestedProjects) = preSolution
		{A00BCE1E-371D-43F6-875B-18832D470EAC} = {987BFE05-CC70-4AC1-9565-2F176812B613}
		{2407D9D3-5221-47F8-90C2-EAA62D71CA15} = {C3AAC81D-537C-4CDF-8C78-0668710C6B51}
		{BD8536B2-DD8D-49D5-92B9-94D899EE353F} = {F43BC107-1C6D-452A-B59B-0E43139AFFC6}
		{F248E3CD-8F7C-4EC5-9A6A-DD94C4AA7188} = {E61F2F4E-B5E9-429E-862C-37CA56912771}
		{F43BC107-1C6D-452A-B59B-0E43139AFFC6} = {E61F2F4E-B5E9-429E-862C-37CA56912771}
		{69977358-E97E-44CF-910D-D27FF36F8E78} = {E61F2F4E-B5E9-429E-862C-37CA56912771}
		{872DCD4F-6336-4981-8D46-216584446316} = {1FAC2E4C-FAB6-4798-89DF-A9C3B510CBB9}
		{4C627B81-DD77-47DE-A799-AC1D48466BAA} = {F248E3CD-8F7C-4EC5-9A6A-DD94C4AA7188}
		{1821DCA6-420E-4DE3-8B7B-C249BB69A180} = {69977358-E97E-44CF-910D-D27FF36F8E78}
		{0D050EAE-2132-4585-9020-D110A3D6135A} = {657B3687-AD85-47F7-8791-7AD13096ED85}
	EndGlobalSection
	GlobalSection(ExtensibilityGlobals) = postSolution
		SolutionGuid = {D8FF115F-3CD8-47AE-8C45-5F66CE28D59D}
	EndGlobalSection
EndGlobal
